
Microsoft Visual Studio Solution File, Format Version 12.00
# Visual Studio Version 16
VisualStudioVersion = 16.0.31729.503
MinimumVisualStudioVersion = 10.0.40219.1
Project("{9A19103F-16F7-4668-BE54-9A1E7A4F7556}") = "PluginBase", "PluginBase\PluginBase.csproj", "{EBFEE904-1668-4A2A-874F-1B9B053FCAD9}"
EndProject
Project("{9A19103F-16F7-4668-BE54-9A1E7A4F7556}") = "OpenTKPluginBrowser", "OpenTKPluginBrowser\OpenTKPluginBrowser.csproj", "{3FFD7D44-C67B-4B24-BED7-C1A708BBD250}"
EndProject
Project("{2150E333-8FDC-42A3-9474-1A3956D46DE8}") = "Plugins", "Plugins", "{1834E254-041E-4148-B228-B4895421D5D0}"
EndProject
Project("{9A19103F-16F7-4668-BE54-9A1E7A4F7556}") = "Triangle", "Plugins\Triangle\Triangle.csproj", "{FD26A37F-D614-4DD8-88A6-3037C92579CB}"
EndProject
Project("{9A19103F-16F7-4668-BE54-9A1E7A4F7556}") = "AABBRotation", "Plugins\AABBRotation\AABBRotation.csproj", "{8879766D-D984-45D4-88EA-CFFF5F500585}"
EndProject
Global
	GlobalSection(SolutionConfigurationPlatforms) = preSolution
		Debug|Any CPU = Debug|Any CPU
		Release|Any CPU = Release|Any CPU
	EndGlobalSection
	GlobalSection(ProjectConfigurationPlatforms) = postSolution
		{EBFEE904-1668-4A2A-874F-1B9B053FCAD9}.Debug|Any CPU.ActiveCfg = Debug|Any CPU
		{EBFEE904-1668-4A2A-874F-1B9B053FCAD9}.Debug|Any CPU.Build.0 = Debug|Any CPU
		{EBFEE904-1668-4A2A-874F-1B9B053FCAD9}.Release|Any CPU.ActiveCfg = Release|Any CPU
		{EBFEE904-1668-4A2A-874F-1B9B053FCAD9}.Release|Any CPU.Build.0 = Release|Any CPU
		{3FFD7D44-C67B-4B24-BED7-C1A708BBD250}.Debug|Any CPU.ActiveCfg = Debug|Any CPU
		{3FFD7D44-C67B-4B24-BED7-C1A708BBD250}.Debug|Any CPU.Build.0 = Debug|Any CPU
		{3FFD7D44-C67B-4B24-BED7-C1A708BBD250}.Release|Any CPU.ActiveCfg = Release|Any CPU
		{3FFD7D44-C67B-4B24-BED7-C1A708BBD250}.Release|Any CPU.Build.0 = Release|Any CPU
		{FD26A37F-D614-4DD8-88A6-3037C92579CB}.Debug|Any CPU.ActiveCfg = Debug|Any CPU
		{FD26A37F-D614-4DD8-88A6-3037C92579CB}.Debug|Any CPU.Build.0 = Debug|Any CPU
		{FD26A37F-D614-4DD8-88A6-3037C92579CB}.Release|Any CPU.ActiveCfg = Release|Any CPU
		{FD26A37F-D614-4DD8-88A6-3037C92579CB}.Release|Any CPU.Build.0 = Release|Any CPU
		{8879766D-D984-45D4-88EA-CFFF5F500585}.Debug|Any CPU.ActiveCfg = Debug|Any CPU
		{8879766D-D984-45D4-88EA-CFFF5F500585}.Debug|Any CPU.Build.0 = Debug|Any CPU
		{8879766D-D984-45D4-88EA-CFFF5F500585}.Release|Any CPU.ActiveCfg = Release|Any CPU
		{8879766D-D984-45D4-88EA-CFFF5F500585}.Release|Any CPU.Build.0 = Release|Any CPU
	EndGlobalSection
	GlobalSection(SolutionProperties) = preSolution
		HideSolutionNode = FALSE
	EndGlobalSection
	GlobalSection(NestedProjects) = preSolution
		{FD26A37F-D614-4DD8-88A6-3037C92579CB} = {1834E254-041E-4148-B228-B4895421D5D0}
		{8879766D-D984-45D4-88EA-CFFF5F500585} = {1834E254-041E-4148-B228-B4895421D5D0}
	EndGlobalSection
	GlobalSection(ExtensibilityGlobals) = postSolution
		SolutionGuid = {2881364D-2BCB-4D64-96B7-CD7C5954FF2A}
	EndGlobalSection
EndGlobal
