
Microsoft Visual Studio Solution File, Format Version 12.00
# Visual Studio Version 16
VisualStudioVersion = 16.0.31729.503
MinimumVisualStudioVersion = 10.0.40219.1
Project("{9A19103F-16F7-4668-BE54-9A1E7A4F7556}") = "PluginBase", "PluginBase\PluginBase.csproj", "{EBFEE904-1668-4A2A-874F-1B9B053FCAD9}"
EndProject
Project("{9A19103F-16F7-4668-BE54-9A1E7A4F7556}") = "OpenTKPluginBrowser", "OpenTKPluginBrowser\OpenTKPluginBrowser.csproj", "{3FFD7D44-C67B-4B24-BED7-C1A708BBD250}"
EndProject
Project("{9A19103F-16F7-4668-BE54-9A1E7A4F7556}") = "Triangle", "Triangle\Triangle.csproj", "{D536A852-858A-489E-B924-6AB222B824FC}"
EndProject
Global
	GlobalSection(SolutionConfigurationPlatforms) = preSolution
		Debug|Any CPU = Debug|Any CPU
		Release|Any CPU = Release|Any CPU
	EndGlobalSection
	GlobalSection(ProjectConfigurationPlatforms) = postSolution
		{EBFEE904-1668-4A2A-874F-1B9B053FCAD9}.Debug|Any CPU.ActiveCfg = Debug|Any CPU
		{EBFEE904-1668-4A2A-874F-1B9B053FCAD9}.Debug|Any CPU.Build.0 = Debug|Any CPU
		{EBFEE904-1668-4A2A-874F-1B9B053FCAD9}.Release|Any CPU.ActiveCfg = Release|Any CPU
		{EBFEE904-1668-4A2A-874F-1B9B053FCAD9}.Release|Any CPU.Build.0 = Release|Any CPU
		{3FFD7D44-C67B-4B24-BED7-C1A708BBD250}.Debug|Any CPU.ActiveCfg = Debug|Any CPU
		{3FFD7D44-C67B-4B24-BED7-C1A708BBD250}.Debug|Any CPU.Build.0 = Debug|Any CPU
		{3FFD7D44-C67B-4B24-BED7-C1A708BBD250}.Release|Any CPU.ActiveCfg = Release|Any CPU
		{3FFD7D44-C67B-4B24-BED7-C1A708BBD250}.Release|Any CPU.Build.0 = Release|Any CPU
		{D536A852-858A-489E-B924-6AB222B824FC}.Debug|Any CPU.ActiveCfg = Debug|Any CPU
		{D536A852-858A-489E-B924-6AB222B824FC}.Debug|Any CPU.Build.0 = Debug|Any CPU
		{D536A852-858A-489E-B924-6AB222B824FC}.Release|Any CPU.ActiveCfg = Release|Any CPU
		{D536A852-858A-489E-B924-6AB222B824FC}.Release|Any CPU.Build.0 = Release|Any CPU
	EndGlobalSection
	GlobalSection(SolutionProperties) = preSolution
		HideSolutionNode = FALSE
	EndGlobalSection
	GlobalSection(ExtensibilityGlobals) = postSolution
		SolutionGuid = {2881364D-2BCB-4D64-96B7-CD7C5954FF2A}
	EndGlobalSection
EndGlobal
